{
  "object": {
    "pins": [
      {
        "package": "AppVersion",
        "repositoryURL": "https://github.com/hkellaway/AppVersion",
        "state": {
          "branch": "trunk",
          "revision": "600e105dd1369dfee39e755d95cc304f8c03e081",
          "version": null
        }
      }
    ]
  },
  "version": 1
}
