{
  "object": {
    "pins": [
      {
        "package": "AppVersion",
        "repositoryURL": "https://github.com/hkellaway/AppVersion",
        "state": {
          "branch": "trunk",
          "revision": "6ce6258a0c2d4b72bbdbbb929089931c5a4b5bf3",
          "version": null
        }
      }
    ]
  },
  "version": 1
}
